
Microsoft Visual Studio Solution File, Format Version 12.00
# Visual Studio Version 17
VisualStudioVersion = 17.14.36414.22
MinimumVisualStudioVersion = 10.0.40219.1
Project("{E24C65DC-7377-472B-9ABA-BC803B73C61A}") = "אתר מדעי המחשב - פילוסופיה", ".", "{054CB958-712B-4E05-92E0-2F79F2B11394}"
	ProjectSection(WebsiteProperties) = preProject
		TargetFrameworkMoniker = ".NETFramework,Version%3Dv4.8"
		Debug.AspNetCompiler.VirtualPath = "/localhost_64131"
		Debug.AspNetCompiler.PhysicalPath = "..\אתר מדעי המחשב - פילוסופיה\"
		Debug.AspNetCompiler.TargetPath = "PrecompiledWeb\localhost_64131\"
		Debug.AspNetCompiler.Updateable = "true"
		Debug.AspNetCompiler.ForceOverwrite = "true"
		Debug.AspNetCompiler.FixedNames = "false"
		Debug.AspNetCompiler.Debug = "True"
		Release.AspNetCompiler.VirtualPath = "/localhost_64131"
		Release.AspNetCompiler.PhysicalPath = "..\אתר מדעי המחשב - פילוסופיה\"
		Release.AspNetCompiler.TargetPath = "PrecompiledWeb\localhost_64131\"
		Release.AspNetCompiler.Updateable = "true"
		Release.AspNetCompiler.ForceOverwrite = "true"
		Release.AspNetCompiler.FixedNames = "false"
		Release.AspNetCompiler.Debug = "False"
		VWDPort = "64131"
		SlnRelativePath = "..\אתר מדעי המחשב - פילוסופיה\"
	EndProjectSection
EndProject
Global
	GlobalSection(SolutionConfigurationPlatforms) = preSolution
		Debug|Any CPU = Debug|Any CPU
	EndGlobalSection
	GlobalSection(ProjectConfigurationPlatforms) = postSolution
		{054CB958-712B-4E05-92E0-2F79F2B11394}.Debug|Any CPU.ActiveCfg = Debug|Any CPU
		{054CB958-712B-4E05-92E0-2F79F2B11394}.Debug|Any CPU.Build.0 = Debug|Any CPU
	EndGlobalSection
	GlobalSection(SolutionProperties) = preSolution
		HideSolutionNode = FALSE
	EndGlobalSection
	GlobalSection(ExtensibilityGlobals) = postSolution
		SolutionGuid = {D276925F-5F98-408B-AD6E-16994DB0A219}
	EndGlobalSection
EndGlobal
